
Microsoft Visual Studio Solution File, Format Version 12.00
# Visual Studio Version 17
VisualStudioVersion = 17.11.35312.102
MinimumVisualStudioVersion = 10.0.40219.1
Project("{FAE04EC0-301F-11D3-BF4B-00C04F79EFBC}") = "MTCG", "MTCG\MTCG.csproj", "{2205504E-51B8-4EF3-A4EA-60E1B4CF2832}"
EndProject
Project("{FAE04EC0-301F-11D3-BF4B-00C04F79EFBC}") = "Client", "Client\Client.csproj", "{965CEC5B-CDE7-45F5-9344-03B450BF08E8}"
EndProject
Global
	GlobalSection(SolutionConfigurationPlatforms) = preSolution
		Debug|Any CPU = Debug|Any CPU
		Release|Any CPU = Release|Any CPU
	EndGlobalSection
	GlobalSection(ProjectConfigurationPlatforms) = postSolution
		{2205504E-51B8-4EF3-A4EA-60E1B4CF2832}.Debug|Any CPU.ActiveCfg = Debug|Any CPU
		{2205504E-51B8-4EF3-A4EA-60E1B4CF2832}.Debug|Any CPU.Build.0 = Debug|Any CPU
		{2205504E-51B8-4EF3-A4EA-60E1B4CF2832}.Release|Any CPU.ActiveCfg = Release|Any CPU
		{2205504E-51B8-4EF3-A4EA-60E1B4CF2832}.Release|Any CPU.Build.0 = Release|Any CPU
		{965CEC5B-CDE7-45F5-9344-03B450BF08E8}.Debug|Any CPU.ActiveCfg = Debug|Any CPU
		{965CEC5B-CDE7-45F5-9344-03B450BF08E8}.Debug|Any CPU.Build.0 = Debug|Any CPU
		{965CEC5B-CDE7-45F5-9344-03B450BF08E8}.Release|Any CPU.ActiveCfg = Release|Any CPU
		{965CEC5B-CDE7-45F5-9344-03B450BF08E8}.Release|Any CPU.Build.0 = Release|Any CPU
	EndGlobalSection
	GlobalSection(SolutionProperties) = preSolution
		HideSolutionNode = FALSE
	EndGlobalSection
	GlobalSection(ExtensibilityGlobals) = postSolution
		SolutionGuid = {7BBFBEE3-0A27-40DE-8B9D-9315C277C286}
	EndGlobalSection
EndGlobal
